{
  "name": "tests",
  "version": "1.0.0",
  "lockfileVersion": 1,
  "requires": true,
  "dependencies": {
    "@playwright/test": {
      "version": "1.32.1",
      "resolved": "https://registry.npmjs.org/@playwright/test/-/test-1.32.1.tgz",
      "integrity": "sha512-FTwjCuhlm1qHUGf4hWjfr64UMJD/z0hXYbk+O387Ioe6WdyZQ+0TBDAc6P+pHjx2xCv1VYNgrKbYrNixFWy4Dg==",
      "dev": true,
      "requires": {
        "@types/node": "*",
        "fsevents": "2.3.2",
        "playwright-core": "1.32.1"
      },
      "dependencies": {
        "playwright-core": {
          "version": "1.32.1",
          "resolved": "https://registry.npmjs.org/playwright-core/-/playwright-core-1.32.1.tgz",
          "integrity": "sha512-KZYUQC10mXD2Am1rGlidaalNGYk3LU1vZqqNk0gT4XPty1jOqgup8KDP8l2CUlqoNKhXM5IfGjWgW37xvGllBA==",
          "dev": true
        }
      }
    },
    "@types/node": {
      "version": "18.15.10",
      "resolved": "https://registry.npmjs.org/@types/node/-/node-18.15.10.tgz",
      "integrity": "sha512-9avDaQJczATcXgfmMAW3MIWArOO7A+m90vuCFLr8AotWf8igO/mRoYukrk2cqZVtv38tHs33retzHEilM7FpeQ==",
      "dev": true
    },
    "fsevents": {
      "version": "2.3.2",
      "resolved": "https://registry.npmjs.org/fsevents/-/fsevents-2.3.2.tgz",
      "integrity": "sha512-xiqMQR4xAeHTuB9uWm+fFRcIOgKBMiOBP+eXiyT7jsgVCq1bkVygt00oASowB7EdtpOHaaPgKt812P9ab+DDKA==",
      "dev": true,
      "optional": true
    }
  }
}
